
Microsoft Visual Studio Solution File, Format Version 12.00
# Visual Studio Version 17
VisualStudioVersion = 17.5.33627.172
MinimumVisualStudioVersion = 10.0.40219.1
Project("{FAE04EC0-301F-11D3-BF4B-00C04F79EFBC}") = "AplicacionAdminAppsTrip", "AplicacionAdminAppsTrip\AplicacionAdminAppsTrip.csproj", "{C161FC97-A8D4-4BE5-B5FE-514439E2124D}"
EndProject
Project("{54435603-DBB4-11D2-8724-00A0C9A8B90C}") = "Setup1", "Setup1\Setup1.vdproj", "{0307449D-1A66-470C-9D96-DC0CB5F83C40}"
EndProject
Global
	GlobalSection(SolutionConfigurationPlatforms) = preSolution
		Debug|Any CPU = Debug|Any CPU
		Release|Any CPU = Release|Any CPU
	EndGlobalSection
	GlobalSection(ProjectConfigurationPlatforms) = postSolution
		{C161FC97-A8D4-4BE5-B5FE-514439E2124D}.Debug|Any CPU.ActiveCfg = Debug|Any CPU
		{C161FC97-A8D4-4BE5-B5FE-514439E2124D}.Debug|Any CPU.Build.0 = Debug|Any CPU
		{C161FC97-A8D4-4BE5-B5FE-514439E2124D}.Release|Any CPU.ActiveCfg = Release|Any CPU
		{C161FC97-A8D4-4BE5-B5FE-514439E2124D}.Release|Any CPU.Build.0 = Release|Any CPU
		{0307449D-1A66-470C-9D96-DC0CB5F83C40}.Debug|Any CPU.ActiveCfg = Debug
		{0307449D-1A66-470C-9D96-DC0CB5F83C40}.Release|Any CPU.ActiveCfg = Release
	EndGlobalSection
	GlobalSection(SolutionProperties) = preSolution
		HideSolutionNode = FALSE
	EndGlobalSection
	GlobalSection(ExtensibilityGlobals) = postSolution
		SolutionGuid = {303DA21A-653B-45EB-BFDB-88539E8AE6D9}
	EndGlobalSection
EndGlobal
